
Microsoft Visual Studio Solution File, Format Version 12.00
# Visual Studio Version 17
VisualStudioVersion = 17.6.33829.357
MinimumVisualStudioVersion = 10.0.40219.1
Project("{FAE04EC0-301F-11D3-BF4B-00C04F79EFBC}") = "dotnet6mvcEcommerce", "dotnet6mvcEcommerce\dotnet6mvcEcommerce.csproj", "{00AAFCA6-E4B7-4AD5-B001-48D053F425B3}"
EndProject
Global
	GlobalSection(SolutionConfigurationPlatforms) = preSolution
		Debug|Any CPU = Debug|Any CPU
		Release|Any CPU = Release|Any CPU
	EndGlobalSection
	GlobalSection(ProjectConfigurationPlatforms) = postSolution
		{00AAFCA6-E4B7-4AD5-B001-48D053F425B3}.Debug|Any CPU.ActiveCfg = Debug|Any CPU
		{00AAFCA6-E4B7-4AD5-B001-48D053F425B3}.Debug|Any CPU.Build.0 = Debug|Any CPU
		{00AAFCA6-E4B7-4AD5-B001-48D053F425B3}.Release|Any CPU.ActiveCfg = Release|Any CPU
		{00AAFCA6-E4B7-4AD5-B001-48D053F425B3}.Release|Any CPU.Build.0 = Release|Any CPU
	EndGlobalSection
	GlobalSection(SolutionProperties) = preSolution
		HideSolutionNode = FALSE
	EndGlobalSection
	GlobalSection(ExtensibilityGlobals) = postSolution
		SolutionGuid = {FE6BAF61-BB92-4A8C-BA4B-C02C186CD441}
	EndGlobalSection
EndGlobal
